
Microsoft Visual Studio Solution File, Format Version 12.00
# Visual Studio Version 17
VisualStudioVersion = 17.10.35027.167
MinimumVisualStudioVersion = 10.0.40219.1
Project("{FAE04EC0-301F-11D3-BF4B-00C04F79EFBC}") = "QuizApp", "QuizApp\QuizApp.csproj", "{69CB8E8F-87E2-4768-BAD8-DEC18EA68606}"
EndProject
Global
	GlobalSection(SolutionConfigurationPlatforms) = preSolution
		Debug|Any CPU = Debug|Any CPU
		Release|Any CPU = Release|Any CPU
	EndGlobalSection
	GlobalSection(ProjectConfigurationPlatforms) = postSolution
		{69CB8E8F-87E2-4768-BAD8-DEC18EA68606}.Debug|Any CPU.ActiveCfg = Debug|Any CPU
		{69CB8E8F-87E2-4768-BAD8-DEC18EA68606}.Debug|Any CPU.Build.0 = Debug|Any CPU
		{69CB8E8F-87E2-4768-BAD8-DEC18EA68606}.Release|Any CPU.ActiveCfg = Release|Any CPU
		{69CB8E8F-87E2-4768-BAD8-DEC18EA68606}.Release|Any CPU.Build.0 = Release|Any CPU
	EndGlobalSection
	GlobalSection(SolutionProperties) = preSolution
		HideSolutionNode = FALSE
	EndGlobalSection
	GlobalSection(ExtensibilityGlobals) = postSolution
		SolutionGuid = {4EC0D55C-C5A3-48E8-BDFB-977E85A8C134}
	EndGlobalSection
EndGlobal
